
Microsoft Visual Studio Solution File, Format Version 12.00
# Visual Studio Version 17
VisualStudioVersion = 17.8.34511.84
MinimumVisualStudioVersion = 10.0.40219.1
Project("{2150E333-8FDC-42A3-9474-1A3956D46DE8}") = "Shop", "Shop", "{1996D80B-1EB9-487F-B7C2-A19C6EFBED8D}"
EndProject
Project("{9A19103F-16F7-4668-BE54-9A1E7A4F7556}") = "Shop.Domain", "Shop\Shop.Domain\Shop.Domain.csproj", "{5ACBB91F-DC6E-48B3-AA37-B63AEB11A4AF}"
EndProject
Project("{9A19103F-16F7-4668-BE54-9A1E7A4F7556}") = "Shop.Application", "Shop\Shop.Application\Shop.Application.csproj", "{AA2D3E8D-F13F-4B87-87A7-4A83E382D9E6}"
EndProject
Project("{9A19103F-16F7-4668-BE54-9A1E7A4F7556}") = "Shop.Infrastructure", "Shop\Shop.Infrastructure\Shop.Infrastructure.csproj", "{2900B478-A87B-4192-98F3-08522884076C}"
EndProject
Project("{9A19103F-16F7-4668-BE54-9A1E7A4F7556}") = "Shop.Query", "Shop\Shop.Query\Shop.Query.csproj", "{89266A32-4C52-41C2-8E55-2BB661ACF656}"
EndProject
Project("{9A19103F-16F7-4668-BE54-9A1E7A4F7556}") = "Shop.Presentation.Facade", "Shop\Shop.Presentation.Facade\Shop.Presentation.Facade.csproj", "{1AE3689C-7329-46C4-BDDB-644405E7DB91}"
EndProject
Project("{2150E333-8FDC-42A3-9474-1A3956D46DE8}") = "Common", "Common", "{AB23C50F-C7D2-46ED-907D-F2DAD64D6F73}"
EndProject
Project("{9A19103F-16F7-4668-BE54-9A1E7A4F7556}") = "Common.Domain", "Common\Common.Domain\Common.Domain.csproj", "{13673597-A4A3-4A77-B330-F9FAFE8A003B}"
EndProject
Project("{9A19103F-16F7-4668-BE54-9A1E7A4F7556}") = "Common.Application", "Common\Common.Application\Common.Application.csproj", "{FDD80DCC-0817-4F19-88D1-468AA6E7087B}"
EndProject
Project("{9A19103F-16F7-4668-BE54-9A1E7A4F7556}") = "Common.Query", "Common\Common.Query\Common.Query.csproj", "{70C772A4-C24B-4263-B443-0F101C464419}"
EndProject
Project("{2150E333-8FDC-42A3-9474-1A3956D46DE8}") = "EndPoints", "EndPoints", "{71E67694-CB5E-4447-8C6D-34C442E5793A}"
EndProject
Project("{9A19103F-16F7-4668-BE54-9A1E7A4F7556}") = "Shop.Api", "Shop\Shop.Api\Shop.Api.csproj", "{9F78A071-074E-4C8D-BADB-9049DD9D66DF}"
EndProject
Project("{9A19103F-16F7-4668-BE54-9A1E7A4F7556}") = "Shop.Config", "Shop\Shop.Config\Shop.Config.csproj", "{731C9185-B93A-43A2-AD48-9A1BB9A8CEE6}"
EndProject
Project("{9A19103F-16F7-4668-BE54-9A1E7A4F7556}") = "Common.AspNetCore", "Common\Common.AspNetCore\Common.AspNetCore.csproj", "{21698172-D1C9-4318-87C7-784FC76B2025}"
EndProject
Project("{FAE04EC0-301F-11D3-BF4B-00C04F79EFBC}") = "Common.CacheHelper", "Common\Common.CacheHelper\Common.CacheHelper.csproj", "{1062D30C-73C0-4C1C-B90B-490A616F7B1A}"
EndProject
Global
	GlobalSection(SolutionConfigurationPlatforms) = preSolution
		Debug|Any CPU = Debug|Any CPU
		Release|Any CPU = Release|Any CPU
	EndGlobalSection
	GlobalSection(ProjectConfigurationPlatforms) = postSolution
		{5ACBB91F-DC6E-48B3-AA37-B63AEB11A4AF}.Debug|Any CPU.ActiveCfg = Debug|Any CPU
		{5ACBB91F-DC6E-48B3-AA37-B63AEB11A4AF}.Debug|Any CPU.Build.0 = Debug|Any CPU
		{5ACBB91F-DC6E-48B3-AA37-B63AEB11A4AF}.Release|Any CPU.ActiveCfg = Release|Any CPU
		{5ACBB91F-DC6E-48B3-AA37-B63AEB11A4AF}.Release|Any CPU.Build.0 = Release|Any CPU
		{AA2D3E8D-F13F-4B87-87A7-4A83E382D9E6}.Debug|Any CPU.ActiveCfg = Debug|Any CPU
		{AA2D3E8D-F13F-4B87-87A7-4A83E382D9E6}.Debug|Any CPU.Build.0 = Debug|Any CPU
		{AA2D3E8D-F13F-4B87-87A7-4A83E382D9E6}.Release|Any CPU.ActiveCfg = Release|Any CPU
		{AA2D3E8D-F13F-4B87-87A7-4A83E382D9E6}.Release|Any CPU.Build.0 = Release|Any CPU
		{2900B478-A87B-4192-98F3-08522884076C}.Debug|Any CPU.ActiveCfg = Debug|Any CPU
		{2900B478-A87B-4192-98F3-08522884076C}.Debug|Any CPU.Build.0 = Debug|Any CPU
		{2900B478-A87B-4192-98F3-08522884076C}.Release|Any CPU.ActiveCfg = Release|Any CPU
		{2900B478-A87B-4192-98F3-08522884076C}.Release|Any CPU.Build.0 = Release|Any CPU
		{89266A32-4C52-41C2-8E55-2BB661ACF656}.Debug|Any CPU.ActiveCfg = Debug|Any CPU
		{89266A32-4C52-41C2-8E55-2BB661ACF656}.Debug|Any CPU.Build.0 = Debug|Any CPU
		{89266A32-4C52-41C2-8E55-2BB661ACF656}.Release|Any CPU.ActiveCfg = Release|Any CPU
		{89266A32-4C52-41C2-8E55-2BB661ACF656}.Release|Any CPU.Build.0 = Release|Any CPU
		{1AE3689C-7329-46C4-BDDB-644405E7DB91}.Debug|Any CPU.ActiveCfg = Debug|Any CPU
		{1AE3689C-7329-46C4-BDDB-644405E7DB91}.Debug|Any CPU.Build.0 = Debug|Any CPU
		{1AE3689C-7329-46C4-BDDB-644405E7DB91}.Release|Any CPU.ActiveCfg = Release|Any CPU
		{1AE3689C-7329-46C4-BDDB-644405E7DB91}.Release|Any CPU.Build.0 = Release|Any CPU
		{13673597-A4A3-4A77-B330-F9FAFE8A003B}.Debug|Any CPU.ActiveCfg = Debug|Any CPU
		{13673597-A4A3-4A77-B330-F9FAFE8A003B}.Debug|Any CPU.Build.0 = Debug|Any CPU
		{13673597-A4A3-4A77-B330-F9FAFE8A003B}.Release|Any CPU.ActiveCfg = Release|Any CPU
		{13673597-A4A3-4A77-B330-F9FAFE8A003B}.Release|Any CPU.Build.0 = Release|Any CPU
		{FDD80DCC-0817-4F19-88D1-468AA6E7087B}.Debug|Any CPU.ActiveCfg = Debug|Any CPU
		{FDD80DCC-0817-4F19-88D1-468AA6E7087B}.Debug|Any CPU.Build.0 = Debug|Any CPU
		{FDD80DCC-0817-4F19-88D1-468AA6E7087B}.Release|Any CPU.ActiveCfg = Release|Any CPU
		{FDD80DCC-0817-4F19-88D1-468AA6E7087B}.Release|Any CPU.Build.0 = Release|Any CPU
		{70C772A4-C24B-4263-B443-0F101C464419}.Debug|Any CPU.ActiveCfg = Debug|Any CPU
		{70C772A4-C24B-4263-B443-0F101C464419}.Debug|Any CPU.Build.0 = Debug|Any CPU
		{70C772A4-C24B-4263-B443-0F101C464419}.Release|Any CPU.ActiveCfg = Release|Any CPU
		{70C772A4-C24B-4263-B443-0F101C464419}.Release|Any CPU.Build.0 = Release|Any CPU
		{9F78A071-074E-4C8D-BADB-9049DD9D66DF}.Debug|Any CPU.ActiveCfg = Debug|Any CPU
		{9F78A071-074E-4C8D-BADB-9049DD9D66DF}.Debug|Any CPU.Build.0 = Debug|Any CPU
		{9F78A071-074E-4C8D-BADB-9049DD9D66DF}.Release|Any CPU.ActiveCfg = Release|Any CPU
		{9F78A071-074E-4C8D-BADB-9049DD9D66DF}.Release|Any CPU.Build.0 = Release|Any CPU
		{731C9185-B93A-43A2-AD48-9A1BB9A8CEE6}.Debug|Any CPU.ActiveCfg = Debug|Any CPU
		{731C9185-B93A-43A2-AD48-9A1BB9A8CEE6}.Debug|Any CPU.Build.0 = Debug|Any CPU
		{731C9185-B93A-43A2-AD48-9A1BB9A8CEE6}.Release|Any CPU.ActiveCfg = Release|Any CPU
		{731C9185-B93A-43A2-AD48-9A1BB9A8CEE6}.Release|Any CPU.Build.0 = Release|Any CPU
		{21698172-D1C9-4318-87C7-784FC76B2025}.Debug|Any CPU.ActiveCfg = Debug|Any CPU
		{21698172-D1C9-4318-87C7-784FC76B2025}.Debug|Any CPU.Build.0 = Debug|Any CPU
		{21698172-D1C9-4318-87C7-784FC76B2025}.Release|Any CPU.ActiveCfg = Release|Any CPU
		{21698172-D1C9-4318-87C7-784FC76B2025}.Release|Any CPU.Build.0 = Release|Any CPU
		{1062D30C-73C0-4C1C-B90B-490A616F7B1A}.Debug|Any CPU.ActiveCfg = Debug|Any CPU
		{1062D30C-73C0-4C1C-B90B-490A616F7B1A}.Debug|Any CPU.Build.0 = Debug|Any CPU
		{1062D30C-73C0-4C1C-B90B-490A616F7B1A}.Release|Any CPU.ActiveCfg = Release|Any CPU
		{1062D30C-73C0-4C1C-B90B-490A616F7B1A}.Release|Any CPU.Build.0 = Release|Any CPU
	EndGlobalSection
	GlobalSection(SolutionProperties) = preSolution
		HideSolutionNode = FALSE
	EndGlobalSection
	GlobalSection(NestedProjects) = preSolution
		{5ACBB91F-DC6E-48B3-AA37-B63AEB11A4AF} = {1996D80B-1EB9-487F-B7C2-A19C6EFBED8D}
		{AA2D3E8D-F13F-4B87-87A7-4A83E382D9E6} = {1996D80B-1EB9-487F-B7C2-A19C6EFBED8D}
		{2900B478-A87B-4192-98F3-08522884076C} = {1996D80B-1EB9-487F-B7C2-A19C6EFBED8D}
		{89266A32-4C52-41C2-8E55-2BB661ACF656} = {1996D80B-1EB9-487F-B7C2-A19C6EFBED8D}
		{1AE3689C-7329-46C4-BDDB-644405E7DB91} = {1996D80B-1EB9-487F-B7C2-A19C6EFBED8D}
		{13673597-A4A3-4A77-B330-F9FAFE8A003B} = {AB23C50F-C7D2-46ED-907D-F2DAD64D6F73}
		{FDD80DCC-0817-4F19-88D1-468AA6E7087B} = {AB23C50F-C7D2-46ED-907D-F2DAD64D6F73}
		{70C772A4-C24B-4263-B443-0F101C464419} = {AB23C50F-C7D2-46ED-907D-F2DAD64D6F73}
		{71E67694-CB5E-4447-8C6D-34C442E5793A} = {1996D80B-1EB9-487F-B7C2-A19C6EFBED8D}
		{9F78A071-074E-4C8D-BADB-9049DD9D66DF} = {71E67694-CB5E-4447-8C6D-34C442E5793A}
		{731C9185-B93A-43A2-AD48-9A1BB9A8CEE6} = {1996D80B-1EB9-487F-B7C2-A19C6EFBED8D}
		{21698172-D1C9-4318-87C7-784FC76B2025} = {AB23C50F-C7D2-46ED-907D-F2DAD64D6F73}
		{1062D30C-73C0-4C1C-B90B-490A616F7B1A} = {AB23C50F-C7D2-46ED-907D-F2DAD64D6F73}
	EndGlobalSection
	GlobalSection(ExtensibilityGlobals) = postSolution
		SolutionGuid = {AAD61080-AF2F-4C78-9738-419AA6E20D6D}
	EndGlobalSection
EndGlobal
